<Solution>
  <Project Path="App.WinForms.DIContainer/App.WinForms.DIContainer.csproj" Id="f9484e39-d136-4baf-8def-da38f96fe5da" />
  <Project Path="App.WinForms.HostDI/App.WinForms.HostDI.csproj" Id="fbc72ddf-f8f0-4b78-9bbb-44c7d1a82d21" />
  <Project Path="App.WinForms.ManualDI/App.WinForms.ManualDI.csproj" Id="17fc1995-4726-4e08-afd8-9646ca1c6b36" />
  <Project Path="CSBestpPactice.Domain/CSBestpPactice.Domain.csproj" />
  <Project Path="CSBestpPactice.Infrastructure/CSBestpPactice.Infrastructure.csproj" />
  <Project Path="CSBestpPactice.Service/CSBestpPactice.Service.csproj" Id="3e96599a-0e52-4a76-8607-efeaaca96681" />
</Solution>
